
Microsoft Visual Studio Solution File, Format Version 12.00
# Visual Studio Version 16
VisualStudioVersion = 16.0.30320.27
MinimumVisualStudioVersion = 10.0.40219.1
Project("{8BC9CEB8-8B4A-11D0-8D11-00A0C91BC942}") = "WEEK13-1", "WEEK13-1\WEEK13-1.vcxproj", "{09CAE5DB-72CE-439D-B46B-93BFB115C7BD}"
EndProject
Global
	GlobalSection(SolutionConfigurationPlatforms) = preSolution
		Debug|x64 = Debug|x64
		Debug|x86 = Debug|x86
		Release|x64 = Release|x64
		Release|x86 = Release|x86
	EndGlobalSection
	GlobalSection(ProjectConfigurationPlatforms) = postSolution
		{09CAE5DB-72CE-439D-B46B-93BFB115C7BD}.Debug|x64.ActiveCfg = Debug|x64
		{09CAE5DB-72CE-439D-B46B-93BFB115C7BD}.Debug|x64.Build.0 = Debug|x64
		{09CAE5DB-72CE-439D-B46B-93BFB115C7BD}.Debug|x86.ActiveCfg = Debug|Win32
		{09CAE5DB-72CE-439D-B46B-93BFB115C7BD}.Debug|x86.Build.0 = Debug|Win32
		{09CAE5DB-72CE-439D-B46B-93BFB115C7BD}.Release|x64.ActiveCfg = Release|x64
		{09CAE5DB-72CE-439D-B46B-93BFB115C7BD}.Release|x64.Build.0 = Release|x64
		{09CAE5DB-72CE-439D-B46B-93BFB115C7BD}.Release|x86.ActiveCfg = Release|Win32
		{09CAE5DB-72CE-439D-B46B-93BFB115C7BD}.Release|x86.Build.0 = Release|Win32
	EndGlobalSection
	GlobalSection(SolutionProperties) = preSolution
		HideSolutionNode = FALSE
	EndGlobalSection
	GlobalSection(ExtensibilityGlobals) = postSolution
		SolutionGuid = {637BBB81-716A-4333-820C-C5C0DBA9A084}
	EndGlobalSection
EndGlobal
